Microsoft Visual Studio Solution File, Format Version 12.00
# Visual Studio 15
Project("{2150E333-8FDC-42A3-9474-1A3956D46DE8}") = "CMakePredefinedTargets", "CMakePredefinedTargets", "{AD0A313C-0DC3-3B58-8051-E4DD47818236}"
EndProject
Project("{2150E333-8FDC-42A3-9474-1A3956D46DE8}") = "Examples", "Examples", "{5F48C463-CB4A-3F00-BA73-6333CC1E9C04}"
EndProject
Project("{2150E333-8FDC-42A3-9474-1A3956D46DE8}") = "Common", "Examples\Common", "{B2C77CB0-30A7-3C48-9568-6ACE83A06224}"
EndProject
Project("{2150E333-8FDC-42A3-9474-1A3956D46DE8}") = "ThirdParty", "ThirdParty", "{1971E46F-30AD-3A81-B8CB-74B1FF38ACD1}"
EndProject
Project("{8BC9CEB8-8B4A-11D0-8D11-00A0C91BC942}") = "ALL_BUILD", "ALL_BUILD.vcxproj", "{C081F3E9-C73A-3D0D-A39E-D27B24559F94}"
	ProjectSection(ProjectDependencies) = postProject
		{4EB45C13-C46F-3FF0-A974-6CA60E78F089} = {4EB45C13-C46F-3FF0-A974-6CA60E78F089}
		{9346C66A-0308-38FF-AEC1-AB020B7ECB00} = {9346C66A-0308-38FF-AEC1-AB020B7ECB00}
	EndProjectSection
EndProject
Project("{8BC9CEB8-8B4A-11D0-8D11-00A0C91BC942}") = "01-Blueprints", "01-Blueprints.vcxproj", "{4EB45C13-C46F-3FF0-A974-6CA60E78F089}"
	ProjectSection(ProjectDependencies) = postProject
		{7A946267-D046-397E-9E44-2DF285F27947} = {7A946267-D046-397E-9E44-2DF285F27947}
		{343B782A-6FFE-35DD-A28D-8C454D0A305C} = {343B782A-6FFE-35DD-A28D-8C454D0A305C}
		{56412634-E0EC-3B29-85FC-2A1A7CB9F781} = {56412634-E0EC-3B29-85FC-2A1A7CB9F781}
		{BB6F8079-5B25-38DD-9611-1CAD229075AF} = {BB6F8079-5B25-38DD-9611-1CAD229075AF}
		{9346C66A-0308-38FF-AEC1-AB020B7ECB00} = {9346C66A-0308-38FF-AEC1-AB020B7ECB00}
		{164B163D-2619-312A-A0FD-1154DD961BB0} = {164B163D-2619-312A-A0FD-1154DD961BB0}
	EndProjectSection
EndProject
Project("{8BC9CEB8-8B4A-11D0-8D11-00A0C91BC942}") = "Application", "..\Common\Application\Application.vcxproj", "{7A946267-D046-397E-9E44-2DF285F27947}"
	ProjectSection(ProjectDependencies) = postProject
		{343B782A-6FFE-35DD-A28D-8C454D0A305C} = {343B782A-6FFE-35DD-A28D-8C454D0A305C}
		{56412634-E0EC-3B29-85FC-2A1A7CB9F781} = {56412634-E0EC-3B29-85FC-2A1A7CB9F781}
		{BB6F8079-5B25-38DD-9611-1CAD229075AF} = {BB6F8079-5B25-38DD-9611-1CAD229075AF}
		{9346C66A-0308-38FF-AEC1-AB020B7ECB00} = {9346C66A-0308-38FF-AEC1-AB020B7ECB00}
		{164B163D-2619-312A-A0FD-1154DD961BB0} = {164B163D-2619-312A-A0FD-1154DD961BB0}
	EndProjectSection
EndProject
Project("{8BC9CEB8-8B4A-11D0-8D11-00A0C91BC942}") = "ImGui", "..\..\ThirdParty\ImGui\ImGui.vcxproj", "{343B782A-6FFE-35DD-A28D-8C454D0A305C}"
	ProjectSection(ProjectDependencies) = postProject
		{9346C66A-0308-38FF-AEC1-AB020B7ECB00} = {9346C66A-0308-38FF-AEC1-AB020B7ECB00}
	EndProjectSection
EndProject
Project("{8BC9CEB8-8B4A-11D0-8D11-00A0C91BC942}") = "NodeEditor", "..\..\NodeEditor\NodeEditor.vcxproj", "{56412634-E0EC-3B29-85FC-2A1A7CB9F781}"
	ProjectSection(ProjectDependencies) = postProject
		{343B782A-6FFE-35DD-A28D-8C454D0A305C} = {343B782A-6FFE-35DD-A28D-8C454D0A305C}
		{9346C66A-0308-38FF-AEC1-AB020B7ECB00} = {9346C66A-0308-38FF-AEC1-AB020B7ECB00}
	EndProjectSection
EndProject
Project("{8BC9CEB8-8B4A-11D0-8D11-00A0C91BC942}") = "Shared", "..\Common\Shared\Shared.vcxproj", "{BB6F8079-5B25-38DD-9611-1CAD229075AF}"
	ProjectSection(ProjectDependencies) = postProject
		{343B782A-6FFE-35DD-A28D-8C454D0A305C} = {343B782A-6FFE-35DD-A28D-8C454D0A305C}
		{56412634-E0EC-3B29-85FC-2A1A7CB9F781} = {56412634-E0EC-3B29-85FC-2A1A7CB9F781}
		{9346C66A-0308-38FF-AEC1-AB020B7ECB00} = {9346C66A-0308-38FF-AEC1-AB020B7ECB00}
	EndProjectSection
EndProject
Project("{8BC9CEB8-8B4A-11D0-8D11-00A0C91BC942}") = "ZERO_CHECK", "..\..\\ZERO_CHECK.vcxproj", "{9346C66A-0308-38FF-AEC1-AB020B7ECB00}"
	ProjectSection(ProjectDependencies) = postProject
	EndProjectSection
EndProject
Project("{8BC9CEB8-8B4A-11D0-8D11-00A0C91BC942}") = "dxerr", "..\Common\Application\dxerr.vcxproj", "{164B163D-2619-312A-A0FD-1154DD961BB0}"
	ProjectSection(ProjectDependencies) = postProject
		{9346C66A-0308-38FF-AEC1-AB020B7ECB00} = {9346C66A-0308-38FF-AEC1-AB020B7ECB00}
	EndProjectSection
EndProject
Global
	GlobalSection(SolutionConfigurationPlatforms) = preSolution
		Debug|Win32 = Debug|Win32
		Release|Win32 = Release|Win32
		MinSizeRel|Win32 = MinSizeRel|Win32
		RelWithDebInfo|Win32 = RelWithDebInfo|Win32
	EndGlobalSection
	GlobalSection(ProjectConfigurationPlatforms) = postSolution
		{C081F3E9-C73A-3D0D-A39E-D27B24559F94}.Debug|Win32.ActiveCfg = Debug|Win32
		{C081F3E9-C73A-3D0D-A39E-D27B24559F94}.Release|Win32.ActiveCfg = Release|Win32
		{C081F3E9-C73A-3D0D-A39E-D27B24559F94}.MinSizeRel|Win32.ActiveCfg = MinSizeRel|Win32
		{C081F3E9-C73A-3D0D-A39E-D27B24559F94}.RelWithDebInfo|Win32.ActiveCfg = RelWithDebInfo|Win32
		{4EB45C13-C46F-3FF0-A974-6CA60E78F089}.Debug|Win32.ActiveCfg = Debug|Win32
		{4EB45C13-C46F-3FF0-A974-6CA60E78F089}.Debug|Win32.Build.0 = Debug|Win32
		{4EB45C13-C46F-3FF0-A974-6CA60E78F089}.Release|Win32.ActiveCfg = Release|Win32
		{4EB45C13-C46F-3FF0-A974-6CA60E78F089}.Release|Win32.Build.0 = Release|Win32
		{4EB45C13-C46F-3FF0-A974-6CA60E78F089}.MinSizeRel|Win32.ActiveCfg = MinSizeRel|Win32
		{4EB45C13-C46F-3FF0-A974-6CA60E78F089}.MinSizeRel|Win32.Build.0 = MinSizeRel|Win32
		{4EB45C13-C46F-3FF0-A974-6CA60E78F089}.RelWithDebInfo|Win32.ActiveCfg = RelWithDebInfo|Win32
		{4EB45C13-C46F-3FF0-A974-6CA60E78F089}.RelWithDebInfo|Win32.Build.0 = RelWithDebInfo|Win32
		{7A946267-D046-397E-9E44-2DF285F27947}.Debug|Win32.ActiveCfg = Debug|Win32
		{7A946267-D046-397E-9E44-2DF285F27947}.Debug|Win32.Build.0 = Debug|Win32
		{7A946267-D046-397E-9E44-2DF285F27947}.Release|Win32.ActiveCfg = Release|Win32
		{7A946267-D046-397E-9E44-2DF285F27947}.Release|Win32.Build.0 = Release|Win32
		{7A946267-D046-397E-9E44-2DF285F27947}.MinSizeRel|Win32.ActiveCfg = MinSizeRel|Win32
		{7A946267-D046-397E-9E44-2DF285F27947}.MinSizeRel|Win32.Build.0 = MinSizeRel|Win32
		{7A946267-D046-397E-9E44-2DF285F27947}.RelWithDebInfo|Win32.ActiveCfg = RelWithDebInfo|Win32
		{7A946267-D046-397E-9E44-2DF285F27947}.RelWithDebInfo|Win32.Build.0 = RelWithDebInfo|Win32
		{343B782A-6FFE-35DD-A28D-8C454D0A305C}.Debug|Win32.ActiveCfg = Debug|Win32
		{343B782A-6FFE-35DD-A28D-8C454D0A305C}.Debug|Win32.Build.0 = Debug|Win32
		{343B782A-6FFE-35DD-A28D-8C454D0A305C}.Release|Win32.ActiveCfg = Release|Win32
		{343B782A-6FFE-35DD-A28D-8C454D0A305C}.Release|Win32.Build.0 = Release|Win32
		{343B782A-6FFE-35DD-A28D-8C454D0A305C}.MinSizeRel|Win32.ActiveCfg = MinSizeRel|Win32
		{343B782A-6FFE-35DD-A28D-8C454D0A305C}.MinSizeRel|Win32.Build.0 = MinSizeRel|Win32
		{343B782A-6FFE-35DD-A28D-8C454D0A305C}.RelWithDebInfo|Win32.ActiveCfg = RelWithDebInfo|Win32
		{343B782A-6FFE-35DD-A28D-8C454D0A305C}.RelWithDebInfo|Win32.Build.0 = RelWithDebInfo|Win32
		{56412634-E0EC-3B29-85FC-2A1A7CB9F781}.Debug|Win32.ActiveCfg = Debug|Win32
		{56412634-E0EC-3B29-85FC-2A1A7CB9F781}.Debug|Win32.Build.0 = Debug|Win32
		{56412634-E0EC-3B29-85FC-2A1A7CB9F781}.Release|Win32.ActiveCfg = Release|Win32
		{56412634-E0EC-3B29-85FC-2A1A7CB9F781}.Release|Win32.Build.0 = Release|Win32
		{56412634-E0EC-3B29-85FC-2A1A7CB9F781}.MinSizeRel|Win32.ActiveCfg = MinSizeRel|Win32
		{56412634-E0EC-3B29-85FC-2A1A7CB9F781}.MinSizeRel|Win32.Build.0 = MinSizeRel|Win32
		{56412634-E0EC-3B29-85FC-2A1A7CB9F781}.RelWithDebInfo|Win32.ActiveCfg = RelWithDebInfo|Win32
		{56412634-E0EC-3B29-85FC-2A1A7CB9F781}.RelWithDebInfo|Win32.Build.0 = RelWithDebInfo|Win32
		{BB6F8079-5B25-38DD-9611-1CAD229075AF}.Debug|Win32.ActiveCfg = Debug|Win32
		{BB6F8079-5B25-38DD-9611-1CAD229075AF}.Debug|Win32.Build.0 = Debug|Win32
		{BB6F8079-5B25-38DD-9611-1CAD229075AF}.Release|Win32.ActiveCfg = Release|Win32
		{BB6F8079-5B25-38DD-9611-1CAD229075AF}.Release|Win32.Build.0 = Release|Win32
		{BB6F8079-5B25-38DD-9611-1CAD229075AF}.MinSizeRel|Win32.ActiveCfg = MinSizeRel|Win32
		{BB6F8079-5B25-38DD-9611-1CAD229075AF}.MinSizeRel|Win32.Build.0 = MinSizeRel|Win32
		{BB6F8079-5B25-38DD-9611-1CAD229075AF}.RelWithDebInfo|Win32.ActiveCfg = RelWithDebInfo|Win32
		{BB6F8079-5B25-38DD-9611-1CAD229075AF}.RelWithDebInfo|Win32.Build.0 = RelWithDebInfo|Win32
		{9346C66A-0308-38FF-AEC1-AB020B7ECB00}.Debug|Win32.ActiveCfg = Debug|Win32
		{9346C66A-0308-38FF-AEC1-AB020B7ECB00}.Debug|Win32.Build.0 = Debug|Win32
		{9346C66A-0308-38FF-AEC1-AB020B7ECB00}.Release|Win32.ActiveCfg = Release|Win32
		{9346C66A-0308-38FF-AEC1-AB020B7ECB00}.Release|Win32.Build.0 = Release|Win32
		{9346C66A-0308-38FF-AEC1-AB020B7ECB00}.MinSizeRel|Win32.ActiveCfg = MinSizeRel|Win32
		{9346C66A-0308-38FF-AEC1-AB020B7ECB00}.MinSizeRel|Win32.Build.0 = MinSizeRel|Win32
		{9346C66A-0308-38FF-AEC1-AB020B7ECB00}.RelWithDebInfo|Win32.ActiveCfg = RelWithDebInfo|Win32
		{9346C66A-0308-38FF-AEC1-AB020B7ECB00}.RelWithDebInfo|Win32.Build.0 = RelWithDebInfo|Win32
		{164B163D-2619-312A-A0FD-1154DD961BB0}.Debug|Win32.ActiveCfg = Debug|Win32
		{164B163D-2619-312A-A0FD-1154DD961BB0}.Debug|Win32.Build.0 = Debug|Win32
		{164B163D-2619-312A-A0FD-1154DD961BB0}.Release|Win32.ActiveCfg = Release|Win32
		{164B163D-2619-312A-A0FD-1154DD961BB0}.Release|Win32.Build.0 = Release|Win32
		{164B163D-2619-312A-A0FD-1154DD961BB0}.MinSizeRel|Win32.ActiveCfg = MinSizeRel|Win32
		{164B163D-2619-312A-A0FD-1154DD961BB0}.MinSizeRel|Win32.Build.0 = MinSizeRel|Win32
		{164B163D-2619-312A-A0FD-1154DD961BB0}.RelWithDebInfo|Win32.ActiveCfg = RelWithDebInfo|Win32
		{164B163D-2619-312A-A0FD-1154DD961BB0}.RelWithDebInfo|Win32.Build.0 = RelWithDebInfo|Win32
	EndGlobalSection
	GlobalSection(NestedProjects) = preSolution
		{C081F3E9-C73A-3D0D-A39E-D27B24559F94} = {AD0A313C-0DC3-3B58-8051-E4DD47818236}
		{9346C66A-0308-38FF-AEC1-AB020B7ECB00} = {AD0A313C-0DC3-3B58-8051-E4DD47818236}
		{4EB45C13-C46F-3FF0-A974-6CA60E78F089} = {5F48C463-CB4A-3F00-BA73-6333CC1E9C04}
		{B2C77CB0-30A7-3C48-9568-6ACE83A06224} = {5F48C463-CB4A-3F00-BA73-6333CC1E9C04}
		{7A946267-D046-397E-9E44-2DF285F27947} = {B2C77CB0-30A7-3C48-9568-6ACE83A06224}
		{BB6F8079-5B25-38DD-9611-1CAD229075AF} = {B2C77CB0-30A7-3C48-9568-6ACE83A06224}
		{343B782A-6FFE-35DD-A28D-8C454D0A305C} = {1971E46F-30AD-3A81-B8CB-74B1FF38ACD1}
		{164B163D-2619-312A-A0FD-1154DD961BB0} = {1971E46F-30AD-3A81-B8CB-74B1FF38ACD1}
	EndGlobalSection
	GlobalSection(ExtensibilityGlobals) = postSolution
		SolutionGuid = {97126C7C-8325-3A87-91EB-5825E662F54C}
	EndGlobalSection
	GlobalSection(ExtensibilityAddIns) = postSolution
	EndGlobalSection
EndGlobal
